
Microsoft Visual Studio Solution File, Format Version 12.00
# Visual Studio 14
VisualStudioVersion = 14.0.23107.0
MinimumVisualStudioVersion = 10.0.40219.1
Project("{FAE04EC0-301F-11D3-BF4B-00C04F79EFBC}") = "NoRepo", "NoRepo\NoRepo.csproj", "{55BF9E72-FDE1-42CA-A220-3889C09B13EF}"
EndProject
Project("{FAE04EC0-301F-11D3-BF4B-00C04F79EFBC}") = "NoRepo.Tests", "NoRepo.Tests\NoRepo.Tests.csproj", "{D7B71FCF-7A13-498C-BDF4-EE3D0332D27F}"
EndProject
Global
	GlobalSection(SolutionConfigurationPlatforms) = preSolution
		Debug|Any CPU = Debug|Any CPU
		Release|Any CPU = Release|Any CPU
	EndGlobalSection
	GlobalSection(ProjectConfigurationPlatforms) = postSolution
		{55BF9E72-FDE1-42CA-A220-3889C09B13EF}.Debug|Any CPU.ActiveCfg = Debug|Any CPU
		{55BF9E72-FDE1-42CA-A220-3889C09B13EF}.Debug|Any CPU.Build.0 = Debug|Any CPU
		{55BF9E72-FDE1-42CA-A220-3889C09B13EF}.Release|Any CPU.ActiveCfg = Release|Any CPU
		{55BF9E72-FDE1-42CA-A220-3889C09B13EF}.Release|Any CPU.Build.0 = Release|Any CPU
		{D7B71FCF-7A13-498C-BDF4-EE3D0332D27F}.Debug|Any CPU.ActiveCfg = Debug|Any CPU
		{D7B71FCF-7A13-498C-BDF4-EE3D0332D27F}.Debug|Any CPU.Build.0 = Debug|Any CPU
		{D7B71FCF-7A13-498C-BDF4-EE3D0332D27F}.Release|Any CPU.ActiveCfg = Release|Any CPU
		{D7B71FCF-7A13-498C-BDF4-EE3D0332D27F}.Release|Any CPU.Build.0 = Release|Any CPU
	EndGlobalSection
	GlobalSection(SolutionProperties) = preSolution
		HideSolutionNode = FALSE
	EndGlobalSection
EndGlobal
